// !$*UTF8*$!
{
	archiveVersion = 1;
	classes = {
	};
	objectVersion = 46;
	objects = {

/* Begin PBXBuildFile section */
		285D362E1A02A88D00938605 /* main.m in Sources */ = {isa = PBXBuildFile; fileRef = 285D362D1A02A88D00938605 /* main.m */; };
		285D36311A02A88D00938605 /* AppDelegate.m in Sources */ = {isa = PBXBuildFile; fileRef = 285D36301A02A88D00938605 /* AppDelegate.m */; };
		285D36341A02A88D00938605 /* ViewController.m in Sources */ = {isa = PBXBuildFile; fileRef = 285D36331A02A88D00938605 /* ViewController.m */; };
		285D36371A02A88D00938605 /* Main.storyboard in Resources */ = {isa = PBXBuildFile; fileRef = 285D36351A02A88D00938605 /* Main.storyboard */; };
		285D36391A02A88D00938605 /* Images.xcassets in Resources */ = {isa = PBXBuildFile; fileRef = 285D36381A02A88D00938605 /* Images.xcassets */; };
		285D363C1A02A88D00938605 /* LaunchScreen.xib in Resources */ = {isa = PBXBuildFile; fileRef = 285D363A1A02A88D00938605 /* LaunchScreen.xib */; };
		285D36481A02A88D00938605 /* CityHallFinderTests.m in Sources */ = {isa = PBXBuildFile; fileRef = 285D36471A02A88D00938605 /* CityHallFinderTests.m */; };
		285D36521A02A98500938605 /* MapKit.framework in Frameworks */ = {isa = PBXBuildFile; fileRef = 285D36511A02A98500938605 /* MapKit.framework */; };
		285D36541A02AA2300938605 /* locations.gpx in Resources */ = {isa = PBXBuildFile; fileRef = 285D36531A02AA2300938605 /* locations.gpx */; };
		285D36561A02B0E300938605 /* CoreLocation.framework in Frameworks */ = {isa = PBXBuildFile; fileRef = 285D36551A02B0E300938605 /* CoreLocation.framework */; };
/* End PBXBuildFile section */

/* Begin PBXContainerItemProxy section */
		285D36421A02A88D00938605 /* PBXContainerItemProxy */ = {
			isa = PBXContainerItemProxy;
			containerPortal = 285D36201A02A88D00938605 /* Project object */;
			proxyType = 1;
			remoteGlobalIDString = 285D36271A02A88D00938605;
			remoteInfo = CityHallFinder;
		};
/* End PBXContainerItemProxy section */

/* Begin PBXFileReference section */
		285D36281A02A88D00938605 /* CityHallFinder.app */ = {isa = PBXFileReference; explicitFileType = wrapper.application; includeInIndex = 0; path = CityHallFinder.app; sourceTree = BUILT_PRODUCTS_DIR; };
		285D362C1A02A88D00938605 /* Info.plist */ = {isa = PBXFileReference; lastKnownFileType = text.plist.xml; path = Info.plist; sourceTree = "<group>"; };
		285D362D1A02A88D00938605 /* main.m */ = {isa = PBXFileReference; lastKnownFileType = sourcecode.c.objc; path = main.m; sourceTree = "<group>"; };
		285D362F1A02A88D00938605 /* AppDelegate.h */ = {isa = PBXFileReference; lastKnownFileType = sourcecode.c.h; path = AppDelegate.h; sourceTree = "<group>"; };
		285D36301A02A88D00938605 /* AppDelegate.m */ = {isa = PBXFileReference; lastKnownFileType = sourcecode.c.objc; path = AppDelegate.m; sourceTree = "<group>"; };
		285D36321A02A88D00938605 /* ViewController.h */ = {isa = PBXFileReference; lastKnownFileType = sourcecode.c.h; path = ViewController.h; sourceTree = "<group>"; };
		285D36331A02A88D00938605 /* ViewController.m */ = {isa = PBXFileReference; lastKnownFileType = sourcecode.c.objc; path = ViewController.m; sourceTree = "<group>"; };
		285D36361A02A88D00938605 /* Base */ = {isa = PBXFileReference; lastKnownFileType = file.storyboard; name = Base; path = Base.lproj/Main.storyboard; sourceTree = "<group>"; };
		285D36381A02A88D00938605 /* Images.xcassets */ = {isa = PBXFileReference; lastKnownFileType = folder.assetcatalog; path = Images.xcassets; sourceTree = "<group>"; };
		285D363B1A02A88D00938605 /* Base */ = {isa = PBXFileReference; lastKnownFileType = file.xib; name = Base; path = Base.lproj/LaunchScreen.xib; sourceTree = "<group>"; };
		285D36411A02A88D00938605 /* CityHallFinderTests.xctest */ = {isa = PBXFileReference; explicitFileType = wrapper.cfbundle; includeInIndex = 0; path = CityHallFinderTests.xctest; sourceTree = BUILT_PRODUCTS_DIR; };
		285D36461A02A88D00938605 /* Info.plist */ = {isa = PBXFileReference; lastKnownFileType = text.plist.xml; path = Info.plist; sourceTree = "<group>"; };
		285D36471A02A88D00938605 /* CityHallFinderTests.m */ = {isa = PBXFileReference; lastKnownFileType = sourcecode.c.objc; path = CityHallFinderTests.m; sourceTree = "<group>"; };
		285D36511A02A98500938605 /* MapKit.framework */ = {isa = PBXFileReference; lastKnownFileType = wrapper.framework; name = MapKit.framework; path = System/Library/Frameworks/MapKit.framework; sourceTree = SDKROOT; };
		285D36531A02AA2300938605 /* locations.gpx */ = {isa = PBXFileReference; fileEncoding = 4; lastKnownFileType = text; path = locations.gpx; sourceTree = "<group>"; };
		285D36551A02B0E300938605 /* CoreLocation.framework */ = {isa = PBXFileReference; lastKnownFileType = wrapper.framework; name = CoreLocation.framework; path = System/Library/Frameworks/CoreLocation.framework; sourceTree = SDKROOT; };
/* End PBXFileReference section */

/* Begin PBXFrameworksBuildPhase section */
		285D36251A02A88D00938605 /* Frameworks */ = {
			isa = PBXFrameworksBuildPhase;
			buildActionMask = 2147483647;
			files = (
				285D36561A02B0E300938605 /* CoreLocation.framework in Frameworks */,
				285D36521A02A98500938605 /* MapKit.framework in Frameworks */,
			);
			runOnlyForDeploymentPostprocessing = 0;
		};
		285D363E1A02A88D00938605 /* Frameworks */ = {
			isa = PBXFrameworksBuildPhase;
			buildActionMask = 2147483647;
			files = (
			);
			runOnlyForDeploymentPostprocessing = 0;
		};
/* End PBXFrameworksBuildPhase section */

/* Begin PBXGroup section */
		285D361F1A02A88D00938605 = {
			isa = PBXGroup;
			children = (
				285D36551A02B0E300938605 /* CoreLocation.framework */,
				285D36511A02A98500938605 /* MapKit.framework */,
				285D362A1A02A88D00938605 /* CityHallFinder */,
				285D36441A02A88D00938605 /* CityHallFinderTests */,
				285D36291A02A88D00938605 /* Products */,
			);
			sourceTree = "<group>";
		};
		285D36291A02A88D00938605 /* Products */ = {
			isa = PBXGroup;
			children = (
				285D36281A02A88D00938605 /* CityHallFinder.app */,
				285D36411A02A88D00938605 /* CityHallFinderTests.xctest */,
			);
			name = Products;
			sourceTree = "<group>";
		};
		285D362A1A02A88D00938605 /* CityHallFinder */ = {
			isa = PBXGroup;
			children = (
				285D362F1A02A88D00938605 /* AppDelegate.h */,
				285D36301A02A88D00938605 /* AppDelegate.m */,
				285D36321A02A88D00938605 /* ViewController.h */,
				285D36331A02A88D00938605 /* ViewController.m */,
				285D36351A02A88D00938605 /* Main.storyboard */,
				285D36381A02A88D00938605 /* Images.xcassets */,
				285D363A1A02A88D00938605 /* LaunchScreen.xib */,
				285D362B1A02A88D00938605 /* Supporting Files */,
			);
			path = CityHallFinder;
			sourceTree = "<group>";
		};
		285D362B1A02A88D00938605 /* Supporting Files */ = {
			isa = PBXGroup;
			children = (
				285D362C1A02A88D00938605 /* Info.plist */,
				285D362D1A02A88D00938605 /* main.m */,
				285D36531A02AA2300938605 /* locations.gpx */,
			);
			name = "Supporting Files";
			sourceTree = "<group>";
		};
		285D36441A02A88D00938605 /* CityHallFinderTests */ = {
			isa = PBXGroup;
			children = (
				285D36471A02A88D00938605 /* CityHallFinderTests.m */,
				285D36451A02A88D00938605 /* Supporting Files */,
			);
			path = CityHallFinderTests;
			sourceTree = "<group>";
		};
		285D36451A02A88D00938605 /* Supporting Files */ = {
			isa = PBXGroup;
			children = (
				285D36461A02A88D00938605 /* Info.plist */,
			);
			name = "Supporting Files";
			sourceTree = "<group>";
		};
/* End PBXGroup section */

/* Begin PBXNativeTarget section */
		285D36271A02A88D00938605 /* CityHallFinder */ = {
			isa = PBXNativeTarget;
			buildConfigurationList = 285D364B1A02A88D00938605 /* Build configuration list for PBXNativeTarget "CityHallFinder" */;
			buildPhases = (
				285D36241A02A88D00938605 /* Sources */,
				285D36251A02A88D00938605 /* Frameworks */,
				285D36261A02A88D00938605 /* Resources */,
			);
			buildRules = (
			);
			dependencies = (
			);
			name = CityHallFinder;
			productName = CityHallFinder;
			productReference = 285D36281A02A88D00938605 /* CityHallFinder.app */;
			productType = "com.apple.product-type.application";
		};
		285D36401A02A88D00938605 /* CityHallFinderTests */ = {
			isa = PBXNativeTarget;
			buildConfigurationList = 285D364E1A02A88D00938605 /* Build configuration list for PBXNativeTarget "CityHallFinderTests" */;
			buildPhases = (
				285D363D1A02A88D00938605 /* Sources */,
				285D363E1A02A88D00938605 /* Frameworks */,
				285D363F1A02A88D00938605 /* Resources */,
			);
			buildRules = (
			);
			dependencies = (
				285D36431A02A88D00938605 /* PBXTargetDependency */,
			);
			name = CityHallFinderTests;
			productName = CityHallFinderTests;
			productReference = 285D36411A02A88D00938605 /* CityHallFinderTests.xctest */;
			productType = "com.apple.product-type.bundle.unit-test";
		};
/* End PBXNativeTarget section */

/* Begin PBXProject section */
		285D36201A02A88D00938605 /* Project object */ = {
			isa = PBXProject;
			attributes = {
				LastUpgradeCheck = 0610;
				ORGANIZATIONNAME = "Ian MacKinnon";
				TargetAttributes = {
					285D36271A02A88D00938605 = {
						CreatedOnToolsVersion = 6.1;
					};
					285D36401A02A88D00938605 = {
						CreatedOnToolsVersion = 6.1;
						TestTargetID = 285D36271A02A88D00938605;
					};
				};
			};
			buildConfigurationList = 285D36231A02A88D00938605 /* Build configuration list for PBXProject "CityHallFinder" */;
			compatibilityVersion = "Xcode 3.2";
			developmentRegion = English;
			hasScannedForEncodings = 0;
			knownRegions = (
				en,
				Base,
			);
			mainGroup = 285D361F1A02A88D00938605;
			productRefGroup = 285D36291A02A88D00938605 /* Products */;
			projectDirPath = "";
			projectRoot = "";
			targets = (
				285D36271A02A88D00938605 /* CityHallFinder */,
				285D36401A02A88D00938605 /* CityHallFinderTests */,
			);
		};
/* End PBXProject section */

/* Begin PBXResourcesBuildPhase section */
		285D36261A02A88D00938605 /* Resources */ = {
			isa = PBXResourcesBuildPhase;
			buildActionMask = 2147483647;
			files = (
				285D36371A02A88D00938605 /* Main.storyboard in Resources */,
				285D363C1A02A88D00938605 /* LaunchScreen.xib in Resources */,
				285D36541A02AA2300938605 /* locations.gpx in Resources */,
				285D36391A02A88D00938605 /* Images.xcassets in Resources */,
			);
			runOnlyForDeploymentPostprocessing = 0;
		};
		285D363F1A02A88D00938605 /* Resources */ = {
			isa = PBXResourcesBuildPhase;
			buildActionMask = 2147483647;
			files = (
			);
			runOnlyForDeploymentPostprocessing = 0;
		};
/* End PBXResourcesBuildPhase section */

/* Begin PBXSourcesBuildPhase section */
		285D36241A02A88D00938605 /* Sources */ = {
			isa = PBXSourcesBuildPhase;
			buildActionMask = 2147483647;
			files = (
				285D36341A02A88D00938605 /* ViewController.m in Sources */,
				285D36311A02A88D00938605 /* AppDelegate.m in Sources */,
				285D362E1A02A88D00938605 /* main.m in Sources */,
			);
			runOnlyForDeploymentPostprocessing = 0;
		};
		285D363D1A02A88D00938605 /* Sources */ = {
			isa = PBXSourcesBuildPhase;
			buildActionMask = 2147483647;
			files = (
				285D36481A02A88D00938605 /* CityHallFinderTests.m in Sources */,
			);
			runOnlyForDeploymentPostprocessing = 0;
		};
/* End PBXSourcesBuildPhase section */

/* Begin PBXTargetDependency section */
		285D36431A02A88D00938605 /* PBXTargetDependency */ = {
			isa = PBXTargetDependency;
			target = 285D36271A02A88D00938605 /* CityHallFinder */;
			targetProxy = 285D36421A02A88D00938605 /* PBXContainerItemProxy */;
		};
/* End PBXTargetDependency section */

/* Begin PBXVariantGroup section */
		285D36351A02A88D00938605 /* Main.storyboard */ = {
			isa = PBXVariantGroup;
			children = (
				285D36361A02A88D00938605 /* Base */,
			);
			name = Main.storyboard;
			sourceTree = "<group>";
		};
		285D363A1A02A88D00938605 /* LaunchScreen.xib */ = {
			isa = PBXVariantGroup;
			children = (
				285D363B1A02A88D00938605 /* Base */,
			);
			name = LaunchScreen.xib;
			sourceTree = "<group>";
		};
/* End PBXVariantGroup section */

/* Begin XCBuildConfiguration section */
		285D36491A02A88D00938605 /* Debug */ = {
			isa = XCBuildConfiguration;
			buildSettings = {
				ALWAYS_SEARCH_USER_PATHS = NO;
				CLANG_CXX_LANGUAGE_STANDARD = "gnu++0x";
				CLANG_CXX_LIBRARY = "libc++";
				CLANG_ENABLE_MODULES = YES;
				CLANG_ENABLE_OBJC_ARC = YES;
				CLANG_WARN_BOOL_CONVERSION = YES;
				CLANG_WARN_CONSTANT_CONVERSION = YES;
				CLANG_WARN_DIRECT_OBJC_ISA_USAGE = YES_ERROR;
				CLANG_WARN_EMPTY_BODY = YES;
				CLANG_WARN_ENUM_CONVERSION = YES;
				CLANG_WARN_INT_CONVERSION = YES;
				CLANG_WARN_OBJC_ROOT_CLASS = YES_ERROR;
				CLANG_WARN_UNREACHABLE_CODE = YES;
				CLANG_WARN__DUPLICATE_METHOD_MATCH = YES;
				"CODE_SIGN_IDENTITY[sdk=iphoneos*]" = "iPhone Developer";
				COPY_PHASE_STRIP = NO;
				ENABLE_STRICT_OBJC_MSGSEND = YES;
				GCC_C_LANGUAGE_STANDARD = gnu99;
				GCC_DYNAMIC_NO_PIC = NO;
				GCC_OPTIMIZATION_LEVEL = 0;
				GCC_PREPROCESSOR_DEFINITIONS = (
					"DEBUG=1",
					"$(inherited)",
				);
				GCC_SYMBOLS_PRIVATE_EXTERN = NO;
				GCC_WARN_64_TO_32_BIT_CONVERSION = YES;
				GCC_WARN_ABOUT_RETURN_TYPE = YES_ERROR;
				GCC_WARN_UNDECLARED_SELECTOR = YES;
				GCC_WARN_UNINITIALIZED_AUTOS = YES_AGGRESSIVE;
				GCC_WARN_UNUSED_FUNCTION = YES;
				GCC_WARN_UNUSED_VARIABLE = YES;
				IPHONEOS_DEPLOYMENT_TARGET = 8.1;
				MTL_ENABLE_DEBUG_INFO = YES;
				ONLY_ACTIVE_ARCH = YES;
				SDKROOT = iphoneos;
			};
			name = Debug;
		};
		285D364A1A02A88D00938605 /* Release */ = {
			isa = XCBuildConfiguration;
			buildSettings = {
				ALWAYS_SEARCH_USER_PATHS = NO;
				CLANG_CXX_LANGUAGE_STANDARD = "gnu++0x";
				CLANG_CXX_LIBRARY = "libc++";
				CLANG_ENABLE_MODULES = YES;
				CLANG_ENABLE_OBJC_ARC = YES;
				CLANG_WARN_BOOL_CONVERSION = YES;
				CLANG_WARN_CONSTANT_CONVERSION = YES;
				CLANG_WARN_DIRECT_OBJC_ISA_USAGE = YES_ERROR;
				CLANG_WARN_EMPTY_BODY = YES;
				CLANG_WARN_ENUM_CONVERSION = YES;
				CLANG_WARN_INT_CONVERSION = YES;
				CLANG_WARN_OBJC_ROOT_CLASS = YES_ERROR;
				CLANG_WARN_UNREACHABLE_CODE = YES;
				CLANG_WARN__DUPLICATE_METHOD_MATCH = YES;
				"CODE_SIGN_IDENTITY[sdk=iphoneos*]" = "iPhone Developer";
				COPY_PHASE_STRIP = YES;
				ENABLE_NS_ASSERTIONS = NO;
				ENABLE_STRICT_OBJC_MSGSEND = YES;
				GCC_C_LANGUAGE_STANDARD = gnu99;
				GCC_WARN_64_TO_32_BIT_CONVERSION = YES;
				GCC_WARN_ABOUT_RETURN_TYPE = YES_ERROR;
				GCC_WARN_UNDECLARED_SELECTOR = YES;
				GCC_WARN_UNINITIALIZED_AUTOS = YES_AGGRESSIVE;
				GCC_WARN_UNUSED_FUNCTION = YES;
				GCC_WARN_UNUSED_VARIABLE = YES;
				IPHONEOS_DEPLOYMENT_TARGET = 8.1;
				MTL_ENABLE_DEBUG_INFO = NO;
				SDKROOT = iphoneos;
				VALIDATE_PRODUCT = YES;
			};
			name = Release;
		};
		285D364C1A02A88D00938605 /* Debug */ = {
			isa = XCBuildConfiguration;
			buildSettings = {
				ASSETCATALOG_COMPILER_APPICON_NAME = AppIcon;
				INFOPLIST_FILE = CityHallFinder/Info.plist;
				LD_RUNPATH_SEARCH_PATHS = "$(inherited) @executable_path/Frameworks";
				PRODUCT_NAME = "$(TARGET_NAME)";
			};
			name = Debug;
		};
		285D364D1A02A88D00938605 /* Release */ = {
			isa = XCBuildConfiguration;
			buildSettings = {
				ASSETCATALOG_COMPILER_APPICON_NAME = AppIcon;
				INFOPLIST_FILE = CityHallFinder/Info.plist;
				LD_RUNPATH_SEARCH_PATHS = "$(inherited) @executable_path/Frameworks";
				PRODUCT_NAME = "$(TARGET_NAME)";
			};
			name = Release;
		};
		285D364F1A02A88D00938605 /* Debug */ = {
			isa = XCBuildConfiguration;
			buildSettings = {
				BUNDLE_LOADER = "$(TEST_HOST)";
				FRAMEWORK_SEARCH_PATHS = (
					"$(SDKROOT)/Developer/Library/Frameworks",
					"$(inherited)",
				);
				GCC_PREPROCESSOR_DEFINITIONS = (
					"DEBUG=1",
					"$(inherited)",
				);
				INFOPLIST_FILE = CityHallFinderTests/Info.plist;
				LD_RUNPATH_SEARCH_PATHS = "$(inherited) @executable_path/Frameworks @loader_path/Frameworks";
				PRODUCT_NAME = "$(TARGET_NAME)";
				TEST_HOST = "$(BUILT_PRODUCTS_DIR)/CityHallFinder.app/CityHallFinder";
			};
			name = Debug;
		};
		285D36501A02A88D00938605 /* Release */ = {
			isa = XCBuildConfiguration;
			buildSettings = {
				BUNDLE_LOADER = "$(TEST_HOST)";
				FRAMEWORK_SEARCH_PATHS = (
					"$(SDKROOT)/Developer/Library/Frameworks",
					"$(inherited)",
				);
				INFOPLIST_FILE = CityHallFinderTests/Info.plist;
				LD_RUNPATH_SEARCH_PATHS = "$(inherited) @executable_path/Frameworks @loader_path/Frameworks";
				PRODUCT_NAME = "$(TARGET_NAME)";
				TEST_HOST = "$(BUILT_PRODUCTS_DIR)/CityHallFinder.app/CityHallFinder";
			};
			name = Release;
		};
/* End XCBuildConfiguration section */

/* Begin XCConfigurationList section */
		285D36231A02A88D00938605 /* Build configuration list for PBXProject "CityHallFinder" */ = {
			isa = XCConfigurationList;
			buildConfigurations = (
				285D36491A02A88D00938605 /* Debug */,
				285D364A1A02A88D00938605 /* Release */,
			);
			defaultConfigurationIsVisible = 0;
			defaultConfigurationName = Release;
		};
		285D364B1A02A88D00938605 /* Build configuration list for PBXNativeTarget "CityHallFinder" */ = {
			isa = XCConfigurationList;
			buildConfigurations = (
				285D364C1A02A88D00938605 /* Debug */,
				285D364D1A02A88D00938605 /* Release */,
			);
			defaultConfigurationIsVisible = 0;
		};
		285D364E1A02A88D00938605 /* Build configuration list for PBXNativeTarget "CityHallFinderTests" */ = {
			isa = XCConfigurationList;
			buildConfigurations = (
				285D364F1A02A88D00938605 /* Debug */,
				285D36501A02A88D00938605 /* Release */,
			);
			defaultConfigurationIsVisible = 0;
		};
/* End XCConfigurationList section */
	};
	rootObject = 285D36201A02A88D00938605 /* Project object */;
}
